
Microsoft Visual Studio Solution File, Format Version 12.00
# Visual Studio Version 17
VisualStudioVersion = 17.0.31903.59
MinimumVisualStudioVersion = 10.0.40219.1
Project("{FAE04EC0-301F-11D3-BF4B-00C04F79EFBC}") = "Editor", "Editor.csproj", "{F7244001-9246-473C-86D7-9A67C294D561}"
EndProject
Project("{FAE04EC0-301F-11D3-BF4B-00C04F79EFBC}") = "Editor.Tests", "Tests\Editor.Tests\Editor.Tests.csproj", "{2338E9A0-D70C-4D57-92B5-D03648452B6E}"
EndProject
Project("{FAE04EC0-301F-11D3-BF4B-00C04F79EFBC}") = "Asharia.Editor", "src\Asharia.Editor\Asharia.Editor.csproj", "{132191A5-10C8-4FEB-B985-531D044DF88B}"
EndProject
Project("{FAE04EC0-301F-11D3-BF4B-00C04F79EFBC}") = "Asharia.Studio.Architecture.Tests", "Tests\Asharia.Studio.Architecture.Tests\Asharia.Studio.Architecture.Tests.csproj", "{7192ADAF-1157-4E83-B94F-074A9441162E}"
EndProject
Project("{FAE04EC0-301F-11D3-BF4B-00C04F79EFBC}") = "Asharia.Editor.Tests", "Tests\Asharia.Editor.Tests\Asharia.Editor.Tests.csproj", "{E8A1571A-E176-48E7-85AE-F65D83734D6A}"
EndProject
Global
	GlobalSection(SolutionConfigurationPlatforms) = preSolution
		Debug|Any CPU = Debug|Any CPU
		Debug|x64 = Debug|x64
		Debug|x86 = Debug|x86
		Release|Any CPU = Release|Any CPU
		Release|x64 = Release|x64
		Release|x86 = Release|x86
	EndGlobalSection
	GlobalSection(ProjectConfigurationPlatforms) = postSolution
		{F7244001-9246-473C-86D7-9A67C294D561}.Debug|Any CPU.ActiveCfg = Debug|Any CPU
		{F7244001-9246-473C-86D7-9A67C294D561}.Debug|Any CPU.Build.0 = Debug|Any CPU
		{F7244001-9246-473C-86D7-9A67C294D561}.Debug|x64.ActiveCfg = Debug|Any CPU
		{F7244001-9246-473C-86D7-9A67C294D561}.Debug|x64.Build.0 = Debug|Any CPU
		{F7244001-9246-473C-86D7-9A67C294D561}.Debug|x86.ActiveCfg = Debug|Any CPU
		{F7244001-9246-473C-86D7-9A67C294D561}.Debug|x86.Build.0 = Debug|Any CPU
		{F7244001-9246-473C-86D7-9A67C294D561}.Release|Any CPU.ActiveCfg = Release|Any CPU
		{F7244001-9246-473C-86D7-9A67C294D561}.Release|Any CPU.Build.0 = Release|Any CPU
		{F7244001-9246-473C-86D7-9A67C294D561}.Release|x64.ActiveCfg = Release|Any CPU
		{F7244001-9246-473C-86D7-9A67C294D561}.Release|x64.Build.0 = Release|Any CPU
		{F7244001-9246-473C-86D7-9A67C294D561}.Release|x86.ActiveCfg = Release|Any CPU
		{F7244001-9246-473C-86D7-9A67C294D561}.Release|x86.Build.0 = Release|Any CPU
		{2338E9A0-D70C-4D57-92B5-D03648452B6E}.Debug|Any CPU.ActiveCfg = Debug|Any CPU
		{2338E9A0-D70C-4D57-92B5-D03648452B6E}.Debug|Any CPU.Build.0 = Debug|Any CPU
		{2338E9A0-D70C-4D57-92B5-D03648452B6E}.Debug|x64.ActiveCfg = Debug|Any CPU
		{2338E9A0-D70C-4D57-92B5-D03648452B6E}.Debug|x64.Build.0 = Debug|Any CPU
		{2338E9A0-D70C-4D57-92B5-D03648452B6E}.Debug|x86.ActiveCfg = Debug|Any CPU
		{2338E9A0-D70C-4D57-92B5-D03648452B6E}.Debug|x86.Build.0 = Debug|Any CPU
		{2338E9A0-D70C-4D57-92B5-D03648452B6E}.Release|Any CPU.ActiveCfg = Release|Any CPU
		{2338E9A0-D70C-4D57-92B5-D03648452B6E}.Release|Any CPU.Build.0 = Release|Any CPU
		{2338E9A0-D70C-4D57-92B5-D03648452B6E}.Release|x64.ActiveCfg = Release|Any CPU
		{2338E9A0-D70C-4D57-92B5-D03648452B6E}.Release|x64.Build.0 = Release|Any CPU
		{2338E9A0-D70C-4D57-92B5-D03648452B6E}.Release|x86.ActiveCfg = Release|Any CPU
		{2338E9A0-D70C-4D57-92B5-D03648452B6E}.Release|x86.Build.0 = Release|Any CPU
		{132191A5-10C8-4FEB-B985-531D044DF88B}.Debug|Any CPU.ActiveCfg = Debug|Any CPU
		{132191A5-10C8-4FEB-B985-531D044DF88B}.Debug|Any CPU.Build.0 = Debug|Any CPU
		{132191A5-10C8-4FEB-B985-531D044DF88B}.Debug|x64.ActiveCfg = Debug|Any CPU
		{132191A5-10C8-4FEB-B985-531D044DF88B}.Debug|x64.Build.0 = Debug|Any CPU
		{132191A5-10C8-4FEB-B985-531D044DF88B}.Debug|x86.ActiveCfg = Debug|Any CPU
		{132191A5-10C8-4FEB-B985-531D044DF88B}.Debug|x86.Build.0 = Debug|Any CPU
		{132191A5-10C8-4FEB-B985-531D044DF88B}.Release|Any CPU.ActiveCfg = Release|Any CPU
		{132191A5-10C8-4FEB-B985-531D044DF88B}.Release|Any CPU.Build.0 = Release|Any CPU
		{132191A5-10C8-4FEB-B985-531D044DF88B}.Release|x64.ActiveCfg = Release|Any CPU
		{132191A5-10C8-4FEB-B985-531D044DF88B}.Release|x64.Build.0 = Release|Any CPU
		{132191A5-10C8-4FEB-B985-531D044DF88B}.Release|x86.ActiveCfg = Release|Any CPU
		{132191A5-10C8-4FEB-B985-531D044DF88B}.Release|x86.Build.0 = Release|Any CPU
		{7192ADAF-1157-4E83-B94F-074A9441162E}.Debug|Any CPU.ActiveCfg = Debug|Any CPU
		{7192ADAF-1157-4E83-B94F-074A9441162E}.Debug|Any CPU.Build.0 = Debug|Any CPU
		{7192ADAF-1157-4E83-B94F-074A9441162E}.Debug|x64.ActiveCfg = Debug|Any CPU
		{7192ADAF-1157-4E83-B94F-074A9441162E}.Debug|x64.Build.0 = Debug|Any CPU
		{7192ADAF-1157-4E83-B94F-074A9441162E}.Debug|x86.ActiveCfg = Debug|Any CPU
		{7192ADAF-1157-4E83-B94F-074A9441162E}.Debug|x86.Build.0 = Debug|Any CPU
		{7192ADAF-1157-4E83-B94F-074A9441162E}.Release|Any CPU.ActiveCfg = Release|Any CPU
		{7192ADAF-1157-4E83-B94F-074A9441162E}.Release|Any CPU.Build.0 = Release|Any CPU
		{7192ADAF-1157-4E83-B94F-074A9441162E}.Release|x64.ActiveCfg = Release|Any CPU
		{7192ADAF-1157-4E83-B94F-074A9441162E}.Release|x64.Build.0 = Release|Any CPU
		{7192ADAF-1157-4E83-B94F-074A9441162E}.Release|x86.ActiveCfg = Release|Any CPU
		{7192ADAF-1157-4E83-B94F-074A9441162E}.Release|x86.Build.0 = Release|Any CPU
		{E8A1571A-E176-48E7-85AE-F65D83734D6A}.Debug|Any CPU.ActiveCfg = Debug|Any CPU
		{E8A1571A-E176-48E7-85AE-F65D83734D6A}.Debug|Any CPU.Build.0 = Debug|Any CPU
		{E8A1571A-E176-48E7-85AE-F65D83734D6A}.Debug|x64.ActiveCfg = Debug|Any CPU
		{E8A1571A-E176-48E7-85AE-F65D83734D6A}.Debug|x64.Build.0 = Debug|Any CPU
		{E8A1571A-E176-48E7-85AE-F65D83734D6A}.Debug|x86.ActiveCfg = Debug|Any CPU
		{E8A1571A-E176-48E7-85AE-F65D83734D6A}.Debug|x86.Build.0 = Debug|Any CPU
		{E8A1571A-E176-48E7-85AE-F65D83734D6A}.Release|Any CPU.ActiveCfg = Release|Any CPU
		{E8A1571A-E176-48E7-85AE-F65D83734D6A}.Release|Any CPU.Build.0 = Release|Any CPU
		{E8A1571A-E176-48E7-85AE-F65D83734D6A}.Release|x64.ActiveCfg = Release|Any CPU
		{E8A1571A-E176-48E7-85AE-F65D83734D6A}.Release|x64.Build.0 = Release|Any CPU
		{E8A1571A-E176-48E7-85AE-F65D83734D6A}.Release|x86.ActiveCfg = Release|Any CPU
		{E8A1571A-E176-48E7-85AE-F65D83734D6A}.Release|x86.Build.0 = Release|Any CPU
	EndGlobalSection
	GlobalSection(SolutionProperties) = preSolution
		HideSolutionNode = FALSE
	EndGlobalSection
EndGlobal
